
Microsoft Visual Studio Solution File, Format Version 12.00
# Visual Studio Version 17
VisualStudioVersion = 17.14.36511.14 d17.14
MinimumVisualStudioVersion = 10.0.40219.1
Project("{FAE04EC0-301F-11D3-BF4B-00C04F79EFBC}") = "Stanok", "Stanok\Stanok.csproj", "{C8446182-9082-40B2-A90C-73A085DD6BBE}"
EndProject
Global
	GlobalSection(SolutionConfigurationPlatforms) = preSolution
		Debug|Any CPU = Debug|Any CPU
		Release|Any CPU = Release|Any CPU
	EndGlobalSection
	GlobalSection(ProjectConfigurationPlatforms) = postSolution
		{C8446182-9082-40B2-A90C-73A085DD6BBE}.Debug|Any CPU.ActiveCfg = Debug|Any CPU
		{C8446182-9082-40B2-A90C-73A085DD6BBE}.Debug|Any CPU.Build.0 = Debug|Any CPU
		{C8446182-9082-40B2-A90C-73A085DD6BBE}.Release|Any CPU.ActiveCfg = Release|Any CPU
		{C8446182-9082-40B2-A90C-73A085DD6BBE}.Release|Any CPU.Build.0 = Release|Any CPU
	EndGlobalSection
	GlobalSection(SolutionProperties) = preSolution
		HideSolutionNode = FALSE
	EndGlobalSection
	GlobalSection(ExtensibilityGlobals) = postSolution
		SolutionGuid = {5D63C053-4DE3-4443-BD22-8B09D4C443B2}
	EndGlobalSection
EndGlobal
